// !$*UTF8*$!
{
	archiveVersion = 1;
	classes = {
	};
	objectVersion = 50;
	objects = {

/* Begin PBXBuildFile section */
		74CA315926DEE4300075B359 /* AppDelegate.swift in Sources */ = {isa = PBXBuildFile; fileRef = 74CA315826DEE4300075B359 /* AppDelegate.swift */; };
		74CA315B26DEE4300075B359 /* SceneDelegate.swift in Sources */ = {isa = PBXBuildFile; fileRef = 74CA315A26DEE4300075B359 /* SceneDelegate.swift */; };
		74CA315D26DEE4300075B359 /* ContentView.swift in Sources */ = {isa = PBXBuildFile; fileRef = 74CA315C26DEE4300075B359 /* ContentView.swift */; };
		74CA315F26DEE4320075B359 /* Assets.xcassets in Resources */ = {isa = PBXBuildFile; fileRef = 74CA315E26DEE4320075B359 /* Assets.xcassets */; };
		74CA316226DEE4320075B359 /* Preview Assets.xcassets in Resources */ = {isa = PBXBuildFile; fileRef = 74CA316126DEE4320075B359 /* Preview Assets.xcassets */; };
		74CA316526DEE4320075B359 /* LaunchScreen.storyboard in Resources */ = {isa = PBXBuildFile; fileRef = 74CA316326DEE4320075B359 /* LaunchScreen.storyboard */; };
		74CA316E26DEE4530075B359 /* MainUIView.swift in Sources */ = {isa = PBXBuildFile; fileRef = 74CA316D26DEE4530075B359 /* MainUIView.swift */; };
		74CA317026DEE4620075B359 /* AppState.swift in Sources */ = {isa = PBXBuildFile; fileRef = 74CA316F26DEE4620075B359 /* AppState.swift */; };
		74CA317326DEE5B40075B359 /* BroadcastActivityController.swift in Sources */ = {isa = PBXBuildFile; fileRef = 74CA317226DEE5B40075B359 /* BroadcastActivityController.swift */; };
/* End PBXBuildFile section */

/* Begin PBXFileReference section */
		74CA315526DEE4300075B359 /* ReplayStartUpKit.app */ = {isa = PBXFileReference; explicitFileType = wrapper.application; includeInIndex = 0; path = ReplayStartUpKit.app; sourceTree = BUILT_PRODUCTS_DIR; };
		74CA315826DEE4300075B359 /* AppDelegate.swift */ = {isa = PBXFileReference; lastKnownFileType = sourcecode.swift; path = AppDelegate.swift; sourceTree = "<group>"; };
		74CA315A26DEE4300075B359 /* SceneDelegate.swift */ = {isa = PBXFileReference; lastKnownFileType = sourcecode.swift; path = SceneDelegate.swift; sourceTree = "<group>"; };
		74CA315C26DEE4300075B359 /* ContentView.swift */ = {isa = PBXFileReference; lastKnownFileType = sourcecode.swift; path = ContentView.swift; sourceTree = "<group>"; };
		74CA315E26DEE4320075B359 /* Assets.xcassets */ = {isa = PBXFileReference; lastKnownFileType = folder.assetcatalog; path = Assets.xcassets; sourceTree = "<group>"; };
		74CA316126DEE4320075B359 /* Preview Assets.xcassets */ = {isa = PBXFileReference; lastKnownFileType = folder.assetcatalog; path = "Preview Assets.xcassets"; sourceTree = "<group>"; };
		74CA316426DEE4320075B359 /* Base */ = {isa = PBXFileReference; lastKnownFileType = file.storyboard; name = Base; path = Base.lproj/LaunchScreen.storyboard; sourceTree = "<group>"; };
		74CA316626DEE4320075B359 /* Info.plist */ = {isa = PBXFileReference; lastKnownFileType = text.plist.xml; path = Info.plist; sourceTree = "<group>"; };
		74CA316D26DEE4530075B359 /* MainUIView.swift */ = {isa = PBXFileReference; fileEncoding = 4; lastKnownFileType = sourcecode.swift; path = MainUIView.swift; sourceTree = "<group>"; };
		74CA316F26DEE4620075B359 /* AppState.swift */ = {isa = PBXFileReference; fileEncoding = 4; lastKnownFileType = sourcecode.swift; path = AppState.swift; sourceTree = "<group>"; };
		74CA317226DEE5B40075B359 /* BroadcastActivityController.swift */ = {isa = PBXFileReference; fileEncoding = 4; lastKnownFileType = sourcecode.swift; path = BroadcastActivityController.swift; sourceTree = "<group>"; };
		74CA317426DEF08E0075B359 /* README.md */ = {isa = PBXFileReference; lastKnownFileType = net.daringfireball.markdown; path = README.md; sourceTree = "<group>"; };
		74CA317526DEF39F0075B359 /* LICENSE.md */ = {isa = PBXFileReference; lastKnownFileType = net.daringfireball.markdown; path = LICENSE.md; sourceTree = "<group>"; };
/* End PBXFileReference section */

/* Begin PBXFrameworksBuildPhase section */
		74CA315226DEE4300075B359 /* Frameworks */ = {
			isa = PBXFrameworksBuildPhase;
			buildActionMask = 2147483647;
			files = (
			);
			runOnlyForDeploymentPostprocessing = 0;
		};
/* End PBXFrameworksBuildPhase section */

/* Begin PBXGroup section */
		74CA314C26DEE4300075B359 = {
			isa = PBXGroup;
			children = (
				74CA317426DEF08E0075B359 /* README.md */,
				74CA317526DEF39F0075B359 /* LICENSE.md */,
				74CA315726DEE4300075B359 /* ReplayStartUpKit */,
				74CA315626DEE4300075B359 /* Products */,
			);
			sourceTree = "<group>";
		};
		74CA315626DEE4300075B359 /* Products */ = {
			isa = PBXGroup;
			children = (
				74CA315526DEE4300075B359 /* ReplayStartUpKit.app */,
			);
			name = Products;
			sourceTree = "<group>";
		};
		74CA315726DEE4300075B359 /* ReplayStartUpKit */ = {
			isa = PBXGroup;
			children = (
				74CA315826DEE4300075B359 /* AppDelegate.swift */,
				74CA315A26DEE4300075B359 /* SceneDelegate.swift */,
				74CA317126DEE4680075B359 /* Models */,
				74CA316C26DEE44A0075B359 /* Views */,
				74CA315E26DEE4320075B359 /* Assets.xcassets */,
				74CA316326DEE4320075B359 /* LaunchScreen.storyboard */,
				74CA316626DEE4320075B359 /* Info.plist */,
				74CA316026DEE4320075B359 /* Preview Content */,
			);
			path = ReplayStartUpKit;
			sourceTree = "<group>";
		};
		74CA316026DEE4320075B359 /* Preview Content */ = {
			isa = PBXGroup;
			children = (
				74CA316126DEE4320075B359 /* Preview Assets.xcassets */,
			);
			path = "Preview Content";
			sourceTree = "<group>";
		};
		74CA316C26DEE44A0075B359 /* Views */ = {
			isa = PBXGroup;
			children = (
				74CA315C26DEE4300075B359 /* ContentView.swift */,
				74CA316D26DEE4530075B359 /* MainUIView.swift */,
				74CA317226DEE5B40075B359 /* BroadcastActivityController.swift */,
			);
			path = Views;
			sourceTree = "<group>";
		};
		74CA317126DEE4680075B359 /* Models */ = {
			isa = PBXGroup;
			children = (
				74CA316F26DEE4620075B359 /* AppState.swift */,
			);
			path = Models;
			sourceTree = "<group>";
		};
/* End PBXGroup section */

/* Begin PBXNativeTarget section */
		74CA315426DEE4300075B359 /* ReplayStartUpKit */ = {
			isa = PBXNativeTarget;
			buildConfigurationList = 74CA316926DEE4320075B359 /* Build configuration list for PBXNativeTarget "ReplayStartUpKit" */;
			buildPhases = (
				74CA315126DEE4300075B359 /* Sources */,
				74CA315226DEE4300075B359 /* Frameworks */,
				74CA315326DEE4300075B359 /* Resources */,
			);
			buildRules = (
			);
			dependencies = (
			);
			name = ReplayStartUpKit;
			productName = ReplayStartUpKit;
			productReference = 74CA315526DEE4300075B359 /* ReplayStartUpKit.app */;
			productType = "com.apple.product-type.application";
		};
/* End PBXNativeTarget section */

/* Begin PBXProject section */
		74CA314D26DEE4300075B359 /* Project object */ = {
			isa = PBXProject;
			attributes = {
				LastSwiftUpdateCheck = 1250;
				LastUpgradeCheck = 1250;
				TargetAttributes = {
					74CA315426DEE4300075B359 = {
						CreatedOnToolsVersion = 12.5.1;
					};
				};
			};
			buildConfigurationList = 74CA315026DEE4300075B359 /* Build configuration list for PBXProject "ReplayStartUpKit" */;
			compatibilityVersion = "Xcode 9.3";
			developmentRegion = en;
			hasScannedForEncodings = 0;
			knownRegions = (
				en,
				Base,
			);
			mainGroup = 74CA314C26DEE4300075B359;
			productRefGroup = 74CA315626DEE4300075B359 /* Products */;
			projectDirPath = "";
			projectRoot = "";
			targets = (
				74CA315426DEE4300075B359 /* ReplayStartUpKit */,
			);
		};
/* End PBXProject section */

/* Begin PBXResourcesBuildPhase section */
		74CA315326DEE4300075B359 /* Resources */ = {
			isa = PBXResourcesBuildPhase;
			buildActionMask = 2147483647;
			files = (
				74CA316526DEE4320075B359 /* LaunchScreen.storyboard in Resources */,
				74CA316226DEE4320075B359 /* Preview Assets.xcassets in Resources */,
				74CA315F26DEE4320075B359 /* Assets.xcassets in Resources */,
			);
			runOnlyForDeploymentPostprocessing = 0;
		};
/* End PBXResourcesBuildPhase section */

/* Begin PBXSourcesBuildPhase section */
		74CA315126DEE4300075B359 /* Sources */ = {
			isa = PBXSourcesBuildPhase;
			buildActionMask = 2147483647;
			files = (
				74CA315926DEE4300075B359 /* AppDelegate.swift in Sources */,
				74CA317026DEE4620075B359 /* AppState.swift in Sources */,
				74CA317326DEE5B40075B359 /* BroadcastActivityController.swift in Sources */,
				74CA316E26DEE4530075B359 /* MainUIView.swift in Sources */,
				74CA315B26DEE4300075B359 /* SceneDelegate.swift in Sources */,
				74CA315D26DEE4300075B359 /* ContentView.swift in Sources */,
			);
			runOnlyForDeploymentPostprocessing = 0;
		};
/* End PBXSourcesBuildPhase section */

/* Begin PBXVariantGroup section */
		74CA316326DEE4320075B359 /* LaunchScreen.storyboard */ = {
			isa = PBXVariantGroup;
			children = (
				74CA316426DEE4320075B359 /* Base */,
			);
			name = LaunchScreen.storyboard;
			sourceTree = "<group>";
		};
/* End PBXVariantGroup section */

/* Begin XCBuildConfiguration section */
		74CA316726DEE4320075B359 /* Debug */ = {
			isa = XCBuildConfiguration;
			buildSettings = {
				ALWAYS_SEARCH_USER_PATHS = NO;
				CLANG_ANALYZER_NONNULL = YES;
				CLANG_ANALYZER_NUMBER_OBJECT_CONVERSION = YES_AGGRESSIVE;
				CLANG_CXX_LANGUAGE_STANDARD = "gnu++14";
				CLANG_CXX_LIBRARY = "libc++";
				CLANG_ENABLE_MODULES = YES;
				CLANG_ENABLE_OBJC_ARC = YES;
				CLANG_ENABLE_OBJC_WEAK = YES;
				CLANG_WARN_BLOCK_CAPTURE_AUTORELEASING = YES;
				CLANG_WARN_BOOL_CONVERSION = YES;
				CLANG_WARN_COMMA = YES;
				CLANG_WARN_CONSTANT_CONVERSION = YES;
				CLANG_WARN_DEPRECATED_OBJC_IMPLEMENTATIONS = YES;
				CLANG_WARN_DIRECT_OBJC_ISA_USAGE = YES_ERROR;
				CLANG_WARN_DOCUMENTATION_COMMENTS = YES;
				CLANG_WARN_EMPTY_BODY = YES;
				CLANG_WARN_ENUM_CONVERSION = YES;
				CLANG_WARN_INFINITE_RECURSION = YES;
				CLANG_WARN_INT_CONVERSION = YES;
				CLANG_WARN_NON_LITERAL_NULL_CONVERSION = YES;
				CLANG_WARN_OBJC_IMPLICIT_RETAIN_SELF = YES;
				CLANG_WARN_OBJC_LITERAL_CONVERSION = YES;
				CLANG_WARN_OBJC_ROOT_CLASS = YES_ERROR;
				CLANG_WARN_QUOTED_INCLUDE_IN_FRAMEWORK_HEADER = YES;
				CLANG_WARN_RANGE_LOOP_ANALYSIS = YES;
				CLANG_WARN_STRICT_PROTOTYPES = YES;
				CLANG_WARN_SUSPICIOUS_MOVE = YES;
				CLANG_WARN_UNGUARDED_AVAILABILITY = YES_AGGRESSIVE;
				CLANG_WARN_UNREACHABLE_CODE = YES;
				CLANG_WARN__DUPLICATE_METHOD_MATCH = YES;
				COPY_PHASE_STRIP = NO;
				DEBUG_INFORMATION_FORMAT = dwarf;
				ENABLE_STRICT_OBJC_MSGSEND = YES;
				ENABLE_TESTABILITY = YES;
				GCC_C_LANGUAGE_STANDARD = gnu11;
				GCC_DYNAMIC_NO_PIC = NO;
				GCC_NO_COMMON_BLOCKS = YES;
				GCC_OPTIMIZATION_LEVEL = 0;
				GCC_PREPROCESSOR_DEFINITIONS = (
					"DEBUG=1",
					"$(inherited)",
				);
				GCC_WARN_64_TO_32_BIT_CONVERSION = YES;
				GCC_WARN_ABOUT_RETURN_TYPE = YES_ERROR;
				GCC_WARN_UNDECLARED_SELECTOR = YES;
				GCC_WARN_UNINITIALIZED_AUTOS = YES_AGGRESSIVE;
				GCC_WARN_UNUSED_FUNCTION = YES;
				GCC_WARN_UNUSED_VARIABLE = YES;
				IPHONEOS_DEPLOYMENT_TARGET = 14.5;
				MTL_ENABLE_DEBUG_INFO = INCLUDE_SOURCE;
				MTL_FAST_MATH = YES;
				ONLY_ACTIVE_ARCH = YES;
				SDKROOT = iphoneos;
				SWIFT_ACTIVE_COMPILATION_CONDITIONS = DEBUG;
				SWIFT_OPTIMIZATION_LEVEL = "-Onone";
			};
			name = Debug;
		};
		74CA316826DEE4320075B359 /* Release */ = {
			isa = XCBuildConfiguration;
			buildSettings = {
				ALWAYS_SEARCH_USER_PATHS = NO;
				CLANG_ANALYZER_NONNULL = YES;
				CLANG_ANALYZER_NUMBER_OBJECT_CONVERSION = YES_AGGRESSIVE;
				CLANG_CXX_LANGUAGE_STANDARD = "gnu++14";
				CLANG_CXX_LIBRARY = "libc++";
				CLANG_ENABLE_MODULES = YES;
				CLANG_ENABLE_OBJC_ARC = YES;
				CLANG_ENABLE_OBJC_WEAK = YES;
				CLANG_WARN_BLOCK_CAPTURE_AUTORELEASING = YES;
				CLANG_WARN_BOOL_CONVERSION = YES;
				CLANG_WARN_COMMA = YES;
				CLANG_WARN_CONSTANT_CONVERSION = YES;
				CLANG_WARN_DEPRECATED_OBJC_IMPLEMENTATIONS = YES;
				CLANG_WARN_DIRECT_OBJC_ISA_USAGE = YES_ERROR;
				CLANG_WARN_DOCUMENTATION_COMMENTS = YES;
				CLANG_WARN_EMPTY_BODY = YES;
				CLANG_WARN_ENUM_CONVERSION = YES;
				CLANG_WARN_INFINITE_RECURSION = YES;
				CLANG_WARN_INT_CONVERSION = YES;
				CLANG_WARN_NON_LITERAL_NULL_CONVERSION = YES;
				CLANG_WARN_OBJC_IMPLICIT_RETAIN_SELF = YES;
				CLANG_WARN_OBJC_LITERAL_CONVERSION = YES;
				CLANG_WARN_OBJC_ROOT_CLASS = YES_ERROR;
				CLANG_WARN_QUOTED_INCLUDE_IN_FRAMEWORK_HEADER = YES;
				CLANG_WARN_RANGE_LOOP_ANALYSIS = YES;
				CLANG_WARN_STRICT_PROTOTYPES = YES;
				CLANG_WARN_SUSPICIOUS_MOVE = YES;
				CLANG_WARN_UNGUARDED_AVAILABILITY = YES_AGGRESSIVE;
				CLANG_WARN_UNREACHABLE_CODE = YES;
				CLANG_WARN__DUPLICATE_METHOD_MATCH = YES;
				COPY_PHASE_STRIP = NO;
				DEBUG_INFORMATION_FORMAT = "dwarf-with-dsym";
				ENABLE_NS_ASSERTIONS = NO;
				ENABLE_STRICT_OBJC_MSGSEND = YES;
				GCC_C_LANGUAGE_STANDARD = gnu11;
				GCC_NO_COMMON_BLOCKS = YES;
				GCC_WARN_64_TO_32_BIT_CONVERSION = YES;
				GCC_WARN_ABOUT_RETURN_TYPE = YES_ERROR;
				GCC_WARN_UNDECLARED_SELECTOR = YES;
				GCC_WARN_UNINITIALIZED_AUTOS = YES_AGGRESSIVE;
				GCC_WARN_UNUSED_FUNCTION = YES;
				GCC_WARN_UNUSED_VARIABLE = YES;
				IPHONEOS_DEPLOYMENT_TARGET = 14.5;
				MTL_ENABLE_DEBUG_INFO = NO;
				MTL_FAST_MATH = YES;
				SDKROOT = iphoneos;
				SWIFT_COMPILATION_MODE = wholemodule;
				SWIFT_OPTIMIZATION_LEVEL = "-O";
				VALIDATE_PRODUCT = YES;
			};
			name = Release;
		};
		74CA316A26DEE4320075B359 /* Debug */ = {
			isa = XCBuildConfiguration;
			buildSettings = {
				ASSETCATALOG_COMPILER_APPICON_NAME = AppIcon;
				ASSETCATALOG_COMPILER_GLOBAL_ACCENT_COLOR_NAME = AccentColor;
				CODE_SIGN_STYLE = Automatic;
				DEVELOPMENT_ASSET_PATHS = "\"ReplayStartUpKit/Preview Content\"";
				DEVELOPMENT_TEAM = H34BY2CCCD;
				ENABLE_PREVIEWS = YES;
				INFOPLIST_FILE = ReplayStartUpKit/Info.plist;
				LD_RUNPATH_SEARCH_PATHS = (
					"$(inherited)",
					"@executable_path/Frameworks",
				);
				PRODUCT_BUNDLE_IDENTIFIER = org.singularitysociety.ReplayStartUpKit;
				PRODUCT_NAME = "$(TARGET_NAME)";
				SWIFT_VERSION = 5.0;
				TARGETED_DEVICE_FAMILY = "1,2";
			};
			name = Debug;
		};
		74CA316B26DEE4320075B359 /* Release */ = {
			isa = XCBuildConfiguration;
			buildSettings = {
				ASSETCATALOG_COMPILER_APPICON_NAME = AppIcon;
				ASSETCATALOG_COMPILER_GLOBAL_ACCENT_COLOR_NAME = AccentColor;
				CODE_SIGN_STYLE = Automatic;
				DEVELOPMENT_ASSET_PATHS = "\"ReplayStartUpKit/Preview Content\"";
				DEVELOPMENT_TEAM = H34BY2CCCD;
				ENABLE_PREVIEWS = YES;
				INFOPLIST_FILE = ReplayStartUpKit/Info.plist;
				LD_RUNPATH_SEARCH_PATHS = (
					"$(inherited)",
					"@executable_path/Frameworks",
				);
				PRODUCT_BUNDLE_IDENTIFIER = org.singularitysociety.ReplayStartUpKit;
				PRODUCT_NAME = "$(TARGET_NAME)";
				SWIFT_VERSION = 5.0;
				TARGETED_DEVICE_FAMILY = "1,2";
			};
			name = Release;
		};
/* End XCBuildConfiguration section */

/* Begin XCConfigurationList section */
		74CA315026DEE4300075B359 /* Build configuration list for PBXProject "ReplayStartUpKit" */ = {
			isa = XCConfigurationList;
			buildConfigurations = (
				74CA316726DEE4320075B359 /* Debug */,
				74CA316826DEE4320075B359 /* Release */,
			);
			defaultConfigurationIsVisible = 0;
			defaultConfigurationName = Release;
		};
		74CA316926DEE4320075B359 /* Build configuration list for PBXNativeTarget "ReplayStartUpKit" */ = {
			isa = XCConfigurationList;
			buildConfigurations = (
				74CA316A26DEE4320075B359 /* Debug */,
				74CA316B26DEE4320075B359 /* Release */,
			);
			defaultConfigurationIsVisible = 0;
			defaultConfigurationName = Release;
		};
/* End XCConfigurationList section */
	};
	rootObject = 74CA314D26DEE4300075B359 /* Project object */;
}
